
Microsoft Visual Studio Solution File, Format Version 12.00
# Visual Studio 15
VisualStudioVersion = 15.0.27130.2020
MinimumVisualStudioVersion = 10.0.40219.1
Project("{FAE04EC0-301F-11D3-BF4B-00C04F79EFBC}") = "KeepSharpUI", "KeepSharpUI\KeepSharpUI.csproj", "{236301E9-1639-49BC-9880-40383B0732B8}"
EndProject
Global
	GlobalSection(SolutionConfigurationPlatforms) = preSolution
		Debug|Any CPU = Debug|Any CPU
		Release|Any CPU = Release|Any CPU
	EndGlobalSection
	GlobalSection(ProjectConfigurationPlatforms) = postSolution
		{236301E9-1639-49BC-9880-40383B0732B8}.Debug|Any CPU.ActiveCfg = Debug|Any CPU
		{236301E9-1639-49BC-9880-40383B0732B8}.Debug|Any CPU.Build.0 = Debug|Any CPU
		{236301E9-1639-49BC-9880-40383B0732B8}.Release|Any CPU.ActiveCfg = Release|Any CPU
		{236301E9-1639-49BC-9880-40383B0732B8}.Release|Any CPU.Build.0 = Release|Any CPU
	EndGlobalSection
	GlobalSection(SolutionProperties) = preSolution
		HideSolutionNode = FALSE
	EndGlobalSection
	GlobalSection(ExtensibilityGlobals) = postSolution
		SolutionGuid = {0C66A7AC-500C-4B59-A625-074305A72C1E}
	EndGlobalSection
EndGlobal
