
Microsoft Visual Studio Solution File, Format Version 12.00
# Visual Studio 15
VisualStudioVersion = 15.0.27130.2020
MinimumVisualStudioVersion = 10.0.40219.1
Project("{FAE04EC0-301F-11D3-BF4B-00C04F79EFBC}") = "IncrementalSandbox", "IncrementalSandbox\IncrementalSandbox.csproj", "{0F4A7822-8103-4E30-BD80-871A9E702B70}"
EndProject
Global
	GlobalSection(SolutionConfigurationPlatforms) = preSolution
		Debug|Any CPU = Debug|Any CPU
		Release|Any CPU = Release|Any CPU
	EndGlobalSection
	GlobalSection(ProjectConfigurationPlatforms) = postSolution
		{0F4A7822-8103-4E30-BD80-871A9E702B70}.Debug|Any CPU.ActiveCfg = Debug|Any CPU
		{0F4A7822-8103-4E30-BD80-871A9E702B70}.Debug|Any CPU.Build.0 = Debug|Any CPU
		{0F4A7822-8103-4E30-BD80-871A9E702B70}.Release|Any CPU.ActiveCfg = Release|Any CPU
		{0F4A7822-8103-4E30-BD80-871A9E702B70}.Release|Any CPU.Build.0 = Release|Any CPU
	EndGlobalSection
	GlobalSection(SolutionProperties) = preSolution
		HideSolutionNode = FALSE
	EndGlobalSection
	GlobalSection(ExtensibilityGlobals) = postSolution
		SolutionGuid = {CBD5A522-80CC-434F-9115-C5B8687CF897}
	EndGlobalSection
EndGlobal
