
Microsoft Visual Studio Solution File, Format Version 12.00
# Visual Studio 15
VisualStudioVersion = 15.0.27130.2020
MinimumVisualStudioVersion = 10.0.40219.1
Project("{FAE04EC0-301F-11D3-BF4B-00C04F79EFBC}") = "BattleSim.UI", "BattleSim.UI\BattleSim.UI.csproj", "{E3148BAE-58CA-44DC-B662-0A9C34191675}"
EndProject
Project("{FAE04EC0-301F-11D3-BF4B-00C04F79EFBC}") = "BattleSim.Models", "BattleSim.Models\BattleSim.Models.csproj", "{01A2ACA8-7037-42BC-8560-FF3302E1A398}"
EndProject
Project("{FAE04EC0-301F-11D3-BF4B-00C04F79EFBC}") = "BattleSim.Data", "BattleSim.Data\BattleSim.Data.csproj", "{4384012F-7C9C-46E3-B9F7-5808F305FF4C}"
EndProject
Project("{FAE04EC0-301F-11D3-BF4B-00C04F79EFBC}") = "BattleSim.BLL", "BattleSim.BLL\BattleSim.BLL.csproj", "{BD4E5AEB-7DD1-4385-982A-C8F60A4D745C}"
EndProject
Global
	GlobalSection(SolutionConfigurationPlatforms) = preSolution
		Debug|Any CPU = Debug|Any CPU
		Release|Any CPU = Release|Any CPU
	EndGlobalSection
	GlobalSection(ProjectConfigurationPlatforms) = postSolution
		{E3148BAE-58CA-44DC-B662-0A9C34191675}.Debug|Any CPU.ActiveCfg = Debug|Any CPU
		{E3148BAE-58CA-44DC-B662-0A9C34191675}.Debug|Any CPU.Build.0 = Debug|Any CPU
		{E3148BAE-58CA-44DC-B662-0A9C34191675}.Release|Any CPU.ActiveCfg = Release|Any CPU
		{E3148BAE-58CA-44DC-B662-0A9C34191675}.Release|Any CPU.Build.0 = Release|Any CPU
		{01A2ACA8-7037-42BC-8560-FF3302E1A398}.Debug|Any CPU.ActiveCfg = Debug|Any CPU
		{01A2ACA8-7037-42BC-8560-FF3302E1A398}.Debug|Any CPU.Build.0 = Debug|Any CPU
		{01A2ACA8-7037-42BC-8560-FF3302E1A398}.Release|Any CPU.ActiveCfg = Release|Any CPU
		{01A2ACA8-7037-42BC-8560-FF3302E1A398}.Release|Any CPU.Build.0 = Release|Any CPU
		{4384012F-7C9C-46E3-B9F7-5808F305FF4C}.Debug|Any CPU.ActiveCfg = Debug|Any CPU
		{4384012F-7C9C-46E3-B9F7-5808F305FF4C}.Debug|Any CPU.Build.0 = Debug|Any CPU
		{4384012F-7C9C-46E3-B9F7-5808F305FF4C}.Release|Any CPU.ActiveCfg = Release|Any CPU
		{4384012F-7C9C-46E3-B9F7-5808F305FF4C}.Release|Any CPU.Build.0 = Release|Any CPU
		{BD4E5AEB-7DD1-4385-982A-C8F60A4D745C}.Debug|Any CPU.ActiveCfg = Debug|Any CPU
		{BD4E5AEB-7DD1-4385-982A-C8F60A4D745C}.Debug|Any CPU.Build.0 = Debug|Any CPU
		{BD4E5AEB-7DD1-4385-982A-C8F60A4D745C}.Release|Any CPU.ActiveCfg = Release|Any CPU
		{BD4E5AEB-7DD1-4385-982A-C8F60A4D745C}.Release|Any CPU.Build.0 = Release|Any CPU
	EndGlobalSection
	GlobalSection(SolutionProperties) = preSolution
		HideSolutionNode = FALSE
	EndGlobalSection
	GlobalSection(ExtensibilityGlobals) = postSolution
		SolutionGuid = {B40596D6-C749-4E6C-BDD1-8515174009F7}
	EndGlobalSection
EndGlobal
